
Microsoft Visual Studio Solution File, Format Version 12.00
# Visual Studio Version 17
VisualStudioVersion = 17.14.36915.13
MinimumVisualStudioVersion = 10.0.40219.1
Project("{2150E333-8FDC-42A3-9474-1A3956D46DE8}") = "Src", "Src", "{02EA681E-C7D8-13C7-8484-4AC65E1B71E8}"
EndProject
Project("{2150E333-8FDC-42A3-9474-1A3956D46DE8}") = "Core", "Core", "{BF219FC9-5B3E-4839-B35D-0D208815DF55}"
EndProject
Project("{2150E333-8FDC-42A3-9474-1A3956D46DE8}") = "External", "External", "{4FDAFE52-07FE-46F3-ABB4-F72ECFEC4873}"
EndProject
Project("{FAE04EC0-301F-11D3-BF4B-00C04F79EFBC}") = "NET7WebAPI_OrgztnApp.API", "NET7WebAPI_OrgztnApp.API\NET7WebAPI_OrgztnApp.API.csproj", "{8D479738-8911-479B-91A9-EAD15EF1FE48}"
EndProject
Project("{FAE04EC0-301F-11D3-BF4B-00C04F79EFBC}") = "NET7WebAPI_OrgztnApp.Application", "NET7WebAPI_OrgztnApp.Application\NET7WebAPI_OrgztnApp.Application.csproj", "{F26B7B89-4629-4E41-AA4D-5D06B8EA0017}"
EndProject
Project("{FAE04EC0-301F-11D3-BF4B-00C04F79EFBC}") = "NET7WebAPI_OrgztnApp.Infrastructure", "NET7WebAPI_OrgztnApp.Infrastructure\NET7WebAPI_OrgztnApp.Infrastructure.csproj", "{8F447F1A-CE11-48FE-94A9-AF0BACBC4550}"
EndProject
Project("{FAE04EC0-301F-11D3-BF4B-00C04F79EFBC}") = "NET7WebAPI_OrgztnApp.Domain", "NET7WebAPI_OrgztnApp.Domain\NET7WebAPI_OrgztnApp.Domain.csproj", "{F1E0866E-5543-48B0-BEA8-2BD1E7489392}"
EndProject
Project("{00D1A9C2-B5F0-4AF3-8072-F6C62B433612}") = "Organization.DB", "Organization.DB\Organization.DB.sqlproj", "{3CB90B09-3E19-44F7-AF8B-37EB36B3FFE5}"
EndProject
Project("{2150E333-8FDC-42A3-9474-1A3956D46DE8}") = "Database", "Database", "{A516B752-256D-4D62-9699-B8060EDB9C4D}"
EndProject
Global
	GlobalSection(SolutionConfigurationPlatforms) = preSolution
		Debug|Any CPU = Debug|Any CPU
		Release|Any CPU = Release|Any CPU
	EndGlobalSection
	GlobalSection(ProjectConfigurationPlatforms) = postSolution
		{8D479738-8911-479B-91A9-EAD15EF1FE48}.Debug|Any CPU.ActiveCfg = Debug|Any CPU
		{8D479738-8911-479B-91A9-EAD15EF1FE48}.Debug|Any CPU.Build.0 = Debug|Any CPU
		{8D479738-8911-479B-91A9-EAD15EF1FE48}.Release|Any CPU.ActiveCfg = Release|Any CPU
		{8D479738-8911-479B-91A9-EAD15EF1FE48}.Release|Any CPU.Build.0 = Release|Any CPU
		{F26B7B89-4629-4E41-AA4D-5D06B8EA0017}.Debug|Any CPU.ActiveCfg = Debug|Any CPU
		{F26B7B89-4629-4E41-AA4D-5D06B8EA0017}.Debug|Any CPU.Build.0 = Debug|Any CPU
		{F26B7B89-4629-4E41-AA4D-5D06B8EA0017}.Release|Any CPU.ActiveCfg = Release|Any CPU
		{F26B7B89-4629-4E41-AA4D-5D06B8EA0017}.Release|Any CPU.Build.0 = Release|Any CPU
		{8F447F1A-CE11-48FE-94A9-AF0BACBC4550}.Debug|Any CPU.ActiveCfg = Debug|Any CPU
		{8F447F1A-CE11-48FE-94A9-AF0BACBC4550}.Debug|Any CPU.Build.0 = Debug|Any CPU
		{8F447F1A-CE11-48FE-94A9-AF0BACBC4550}.Release|Any CPU.ActiveCfg = Release|Any CPU
		{8F447F1A-CE11-48FE-94A9-AF0BACBC4550}.Release|Any CPU.Build.0 = Release|Any CPU
		{F1E0866E-5543-48B0-BEA8-2BD1E7489392}.Debug|Any CPU.ActiveCfg = Debug|Any CPU
		{F1E0866E-5543-48B0-BEA8-2BD1E7489392}.Debug|Any CPU.Build.0 = Debug|Any CPU
		{F1E0866E-5543-48B0-BEA8-2BD1E7489392}.Release|Any CPU.ActiveCfg = Release|Any CPU
		{F1E0866E-5543-48B0-BEA8-2BD1E7489392}.Release|Any CPU.Build.0 = Release|Any CPU
		{3CB90B09-3E19-44F7-AF8B-37EB36B3FFE5}.Debug|Any CPU.ActiveCfg = Debug|Any CPU
		{3CB90B09-3E19-44F7-AF8B-37EB36B3FFE5}.Debug|Any CPU.Build.0 = Debug|Any CPU
		{3CB90B09-3E19-44F7-AF8B-37EB36B3FFE5}.Debug|Any CPU.Deploy.0 = Debug|Any CPU
		{3CB90B09-3E19-44F7-AF8B-37EB36B3FFE5}.Release|Any CPU.ActiveCfg = Release|Any CPU
		{3CB90B09-3E19-44F7-AF8B-37EB36B3FFE5}.Release|Any CPU.Build.0 = Release|Any CPU
		{3CB90B09-3E19-44F7-AF8B-37EB36B3FFE5}.Release|Any CPU.Deploy.0 = Release|Any CPU
	EndGlobalSection
	GlobalSection(SolutionProperties) = preSolution
		HideSolutionNode = FALSE
	EndGlobalSection
	GlobalSection(NestedProjects) = preSolution
		{BF219FC9-5B3E-4839-B35D-0D208815DF55} = {02EA681E-C7D8-13C7-8484-4AC65E1B71E8}
		{4FDAFE52-07FE-46F3-ABB4-F72ECFEC4873} = {02EA681E-C7D8-13C7-8484-4AC65E1B71E8}
		{8D479738-8911-479B-91A9-EAD15EF1FE48} = {4FDAFE52-07FE-46F3-ABB4-F72ECFEC4873}
		{F26B7B89-4629-4E41-AA4D-5D06B8EA0017} = {BF219FC9-5B3E-4839-B35D-0D208815DF55}
		{8F447F1A-CE11-48FE-94A9-AF0BACBC4550} = {4FDAFE52-07FE-46F3-ABB4-F72ECFEC4873}
		{F1E0866E-5543-48B0-BEA8-2BD1E7489392} = {BF219FC9-5B3E-4839-B35D-0D208815DF55}
		{3CB90B09-3E19-44F7-AF8B-37EB36B3FFE5} = {A516B752-256D-4D62-9699-B8060EDB9C4D}
		{A516B752-256D-4D62-9699-B8060EDB9C4D} = {02EA681E-C7D8-13C7-8484-4AC65E1B71E8}
	EndGlobalSection
	GlobalSection(ExtensibilityGlobals) = postSolution
		SolutionGuid = {84F227A6-EAC1-433A-BE14-9B69F9C3FB82}
	EndGlobalSection
EndGlobal
